// !$*UTF8*$!
{
	archiveVersion = 1;
	classes = {
	};
	objectVersion = 56;
	objects = {

/* Begin PBXBuildFile section */
		2522EF382A645B8A005C62CA /* todo2App.swift in Sources */ = {isa = PBXBuildFile; fileRef = 2522EF372A645B8A005C62CA /* todo2App.swift */; };
		2522EF3A2A645B8A005C62CA /* 🏎️💨💨StartHereView.swift in Sources */ = {isa = PBXBuildFile; fileRef = 2522EF392A645B8A005C62CA /* 🏎️💨💨StartHereView.swift */; };
		2522EF3C2A645B8B005C62CA /* Assets.xcassets in Resources */ = {isa = PBXBuildFile; fileRef = 2522EF3B2A645B8B005C62CA /* Assets.xcassets */; };
		2522EF402A645B8B005C62CA /* Preview Assets.xcassets in Resources */ = {isa = PBXBuildFile; fileRef = 2522EF3F2A645B8B005C62CA /* Preview Assets.xcassets */; };
		2522EF4A2A645B8C005C62CA /* todo2Tests.swift in Sources */ = {isa = PBXBuildFile; fileRef = 2522EF492A645B8C005C62CA /* todo2Tests.swift */; };
		2522EF542A645B8C005C62CA /* todo2UITests.swift in Sources */ = {isa = PBXBuildFile; fileRef = 2522EF532A645B8C005C62CA /* todo2UITests.swift */; };
		2522EF562A645B8C005C62CA /* todo2UITestsLaunchTests.swift in Sources */ = {isa = PBXBuildFile; fileRef = 2522EF552A645B8C005C62CA /* todo2UITestsLaunchTests.swift */; };
		2522EF632A645E82005C62CA /* 👮‍♂️LoginView.swift in Sources */ = {isa = PBXBuildFile; fileRef = 2522EF622A645E82005C62CA /* 👮‍♂️LoginView.swift */; };
		2522EF652A646172005C62CA /* 📝RegisterView.swift in Sources */ = {isa = PBXBuildFile; fileRef = 2522EF642A646172005C62CA /* 📝RegisterView.swift */; };
		2522EF682A64E115005C62CA /* FirebaseAuth in Frameworks */ = {isa = PBXBuildFile; productRef = 2522EF672A64E115005C62CA /* FirebaseAuth */; };
		2522EF6A2A64E115005C62CA /* FirebaseFirestore in Frameworks */ = {isa = PBXBuildFile; productRef = 2522EF692A64E115005C62CA /* FirebaseFirestore */; };
		2522EF6C2A64E115005C62CA /* FirebaseFirestoreSwift in Frameworks */ = {isa = PBXBuildFile; productRef = 2522EF6B2A64E115005C62CA /* FirebaseFirestoreSwift */; };
		2522EF6E2A64E1CC005C62CA /* GoogleService-Info (1).plist in Resources */ = {isa = PBXBuildFile; fileRef = 2522EF6D2A64E1CB005C62CA /* GoogleService-Info (1).plist */; };
/* End PBXBuildFile section */

/* Begin PBXContainerItemProxy section */
		2522EF462A645B8C005C62CA /* PBXContainerItemProxy */ = {
			isa = PBXContainerItemProxy;
			containerPortal = 2522EF2C2A645B8A005C62CA /* Project object */;
			proxyType = 1;
			remoteGlobalIDString = 2522EF332A645B8A005C62CA;
			remoteInfo = todo2;
		};
		2522EF502A645B8C005C62CA /* PBXContainerItemProxy */ = {
			isa = PBXContainerItemProxy;
			containerPortal = 2522EF2C2A645B8A005C62CA /* Project object */;
			proxyType = 1;
			remoteGlobalIDString = 2522EF332A645B8A005C62CA;
			remoteInfo = todo2;
		};
/* End PBXContainerItemProxy section */

/* Begin PBXFileReference section */
		2522EF342A645B8A005C62CA /* todo2.app */ = {isa = PBXFileReference; explicitFileType = wrapper.application; includeInIndex = 0; path = todo2.app; sourceTree = BUILT_PRODUCTS_DIR; };
		2522EF372A645B8A005C62CA /* todo2App.swift */ = {isa = PBXFileReference; lastKnownFileType = sourcecode.swift; path = todo2App.swift; sourceTree = "<group>"; };
		2522EF392A645B8A005C62CA /* 🏎️💨💨StartHereView.swift */ = {isa = PBXFileReference; lastKnownFileType = sourcecode.swift; path = "🏎️💨💨StartHereView.swift"; sourceTree = "<group>"; };
		2522EF3B2A645B8B005C62CA /* Assets.xcassets */ = {isa = PBXFileReference; lastKnownFileType = folder.assetcatalog; path = Assets.xcassets; sourceTree = "<group>"; };
		2522EF3D2A645B8B005C62CA /* todo2.entitlements */ = {isa = PBXFileReference; lastKnownFileType = text.plist.entitlements; path = todo2.entitlements; sourceTree = "<group>"; };
		2522EF3F2A645B8B005C62CA /* Preview Assets.xcassets */ = {isa = PBXFileReference; lastKnownFileType = folder.assetcatalog; path = "Preview Assets.xcassets"; sourceTree = "<group>"; };
		2522EF452A645B8C005C62CA /* todo2Tests.xctest */ = {isa = PBXFileReference; explicitFileType = wrapper.cfbundle; includeInIndex = 0; path = todo2Tests.xctest; sourceTree = BUILT_PRODUCTS_DIR; };
		2522EF492A645B8C005C62CA /* todo2Tests.swift */ = {isa = PBXFileReference; lastKnownFileType = sourcecode.swift; path = todo2Tests.swift; sourceTree = "<group>"; };
		2522EF4F2A645B8C005C62CA /* todo2UITests.xctest */ = {isa = PBXFileReference; explicitFileType = wrapper.cfbundle; includeInIndex = 0; path = todo2UITests.xctest; sourceTree = BUILT_PRODUCTS_DIR; };
		2522EF532A645B8C005C62CA /* todo2UITests.swift */ = {isa = PBXFileReference; lastKnownFileType = sourcecode.swift; path = todo2UITests.swift; sourceTree = "<group>"; };
		2522EF552A645B8C005C62CA /* todo2UITestsLaunchTests.swift */ = {isa = PBXFileReference; lastKnownFileType = sourcecode.swift; path = todo2UITestsLaunchTests.swift; sourceTree = "<group>"; };
		2522EF622A645E82005C62CA /* 👮‍♂️LoginView.swift */ = {isa = PBXFileReference; lastKnownFileType = sourcecode.swift; path = "👮‍♂️LoginView.swift"; sourceTree = "<group>"; };
		2522EF642A646172005C62CA /* 📝RegisterView.swift */ = {isa = PBXFileReference; lastKnownFileType = sourcecode.swift; path = "📝RegisterView.swift"; sourceTree = "<group>"; };
		2522EF6D2A64E1CB005C62CA /* GoogleService-Info (1).plist */ = {isa = PBXFileReference; fileEncoding = 4; lastKnownFileType = text.plist.xml; path = "GoogleService-Info (1).plist"; sourceTree = "<group>"; };
/* End PBXFileReference section */

/* Begin PBXFrameworksBuildPhase section */
		2522EF312A645B8A005C62CA /* Frameworks */ = {
			isa = PBXFrameworksBuildPhase;
			buildActionMask = 2147483647;
			files = (
				2522EF682A64E115005C62CA /* FirebaseAuth in Frameworks */,
				2522EF6A2A64E115005C62CA /* FirebaseFirestore in Frameworks */,
				2522EF6C2A64E115005C62CA /* FirebaseFirestoreSwift in Frameworks */,
			);
			runOnlyForDeploymentPostprocessing = 0;
		};
		2522EF422A645B8C005C62CA /* Frameworks */ = {
			isa = PBXFrameworksBuildPhase;
			buildActionMask = 2147483647;
			files = (
			);
			runOnlyForDeploymentPostprocessing = 0;
		};
		2522EF4C2A645B8C005C62CA /* Frameworks */ = {
			isa = PBXFrameworksBuildPhase;
			buildActionMask = 2147483647;
			files = (
			);
			runOnlyForDeploymentPostprocessing = 0;
		};
/* End PBXFrameworksBuildPhase section */

/* Begin PBXGroup section */
		2522EF2B2A645B8A005C62CA = {
			isa = PBXGroup;
			children = (
				2522EF362A645B8A005C62CA /* todo2 */,
				2522EF482A645B8C005C62CA /* todo2Tests */,
				2522EF522A645B8C005C62CA /* todo2UITests */,
				2522EF352A645B8A005C62CA /* Products */,
			);
			sourceTree = "<group>";
		};
		2522EF352A645B8A005C62CA /* Products */ = {
			isa = PBXGroup;
			children = (
				2522EF342A645B8A005C62CA /* todo2.app */,
				2522EF452A645B8C005C62CA /* todo2Tests.xctest */,
				2522EF4F2A645B8C005C62CA /* todo2UITests.xctest */,
			);
			name = Products;
			sourceTree = "<group>";
		};
		2522EF362A645B8A005C62CA /* todo2 */ = {
			isa = PBXGroup;
			children = (
				2522EF6D2A64E1CB005C62CA /* GoogleService-Info (1).plist */,
				2522EF372A645B8A005C62CA /* todo2App.swift */,
				2522EF392A645B8A005C62CA /* 🏎️💨💨StartHereView.swift */,
				2522EF622A645E82005C62CA /* 👮‍♂️LoginView.swift */,
				2522EF642A646172005C62CA /* 📝RegisterView.swift */,
				2522EF3B2A645B8B005C62CA /* Assets.xcassets */,
				2522EF3D2A645B8B005C62CA /* todo2.entitlements */,
				2522EF3E2A645B8B005C62CA /* Preview Content */,
			);
			path = todo2;
			sourceTree = "<group>";
		};
		2522EF3E2A645B8B005C62CA /* Preview Content */ = {
			isa = PBXGroup;
			children = (
				2522EF3F2A645B8B005C62CA /* Preview Assets.xcassets */,
			);
			path = "Preview Content";
			sourceTree = "<group>";
		};
		2522EF482A645B8C005C62CA /* todo2Tests */ = {
			isa = PBXGroup;
			children = (
				2522EF492A645B8C005C62CA /* todo2Tests.swift */,
			);
			path = todo2Tests;
			sourceTree = "<group>";
		};
		2522EF522A645B8C005C62CA /* todo2UITests */ = {
			isa = PBXGroup;
			children = (
				2522EF532A645B8C005C62CA /* todo2UITests.swift */,
				2522EF552A645B8C005C62CA /* todo2UITestsLaunchTests.swift */,
			);
			path = todo2UITests;
			sourceTree = "<group>";
		};
/* End PBXGroup section */

/* Begin PBXNativeTarget section */
		2522EF332A645B8A005C62CA /* todo2 */ = {
			isa = PBXNativeTarget;
			buildConfigurationList = 2522EF592A645B8C005C62CA /* Build configuration list for PBXNativeTarget "todo2" */;
			buildPhases = (
				2522EF302A645B8A005C62CA /* Sources */,
				2522EF312A645B8A005C62CA /* Frameworks */,
				2522EF322A645B8A005C62CA /* Resources */,
			);
			buildRules = (
			);
			dependencies = (
			);
			name = todo2;
			packageProductDependencies = (
				2522EF672A64E115005C62CA /* FirebaseAuth */,
				2522EF692A64E115005C62CA /* FirebaseFirestore */,
				2522EF6B2A64E115005C62CA /* FirebaseFirestoreSwift */,
			);
			productName = todo2;
			productReference = 2522EF342A645B8A005C62CA /* todo2.app */;
			productType = "com.apple.product-type.application";
		};
		2522EF442A645B8C005C62CA /* todo2Tests */ = {
			isa = PBXNativeTarget;
			buildConfigurationList = 2522EF5C2A645B8C005C62CA /* Build configuration list for PBXNativeTarget "todo2Tests" */;
			buildPhases = (
				2522EF412A645B8C005C62CA /* Sources */,
				2522EF422A645B8C005C62CA /* Frameworks */,
				2522EF432A645B8C005C62CA /* Resources */,
			);
			buildRules = (
			);
			dependencies = (
				2522EF472A645B8C005C62CA /* PBXTargetDependency */,
			);
			name = todo2Tests;
			productName = todo2Tests;
			productReference = 2522EF452A645B8C005C62CA /* todo2Tests.xctest */;
			productType = "com.apple.product-type.bundle.unit-test";
		};
		2522EF4E2A645B8C005C62CA /* todo2UITests */ = {
			isa = PBXNativeTarget;
			buildConfigurationList = 2522EF5F2A645B8C005C62CA /* Build configuration list for PBXNativeTarget "todo2UITests" */;
			buildPhases = (
				2522EF4B2A645B8C005C62CA /* Sources */,
				2522EF4C2A645B8C005C62CA /* Frameworks */,
				2522EF4D2A645B8C005C62CA /* Resources */,
			);
			buildRules = (
			);
			dependencies = (
				2522EF512A645B8C005C62CA /* PBXTargetDependency */,
			);
			name = todo2UITests;
			productName = todo2UITests;
			productReference = 2522EF4F2A645B8C005C62CA /* todo2UITests.xctest */;
			productType = "com.apple.product-type.bundle.ui-testing";
		};
/* End PBXNativeTarget section */

/* Begin PBXProject section */
		2522EF2C2A645B8A005C62CA /* Project object */ = {
			isa = PBXProject;
			attributes = {
				BuildIndependentTargetsInParallel = 1;
				LastSwiftUpdateCheck = 1430;
				LastUpgradeCheck = 1430;
				TargetAttributes = {
					2522EF332A645B8A005C62CA = {
						CreatedOnToolsVersion = 14.3.1;
					};
					2522EF442A645B8C005C62CA = {
						CreatedOnToolsVersion = 14.3.1;
						TestTargetID = 2522EF332A645B8A005C62CA;
					};
					2522EF4E2A645B8C005C62CA = {
						CreatedOnToolsVersion = 14.3.1;
						TestTargetID = 2522EF332A645B8A005C62CA;
					};
				};
			};
			buildConfigurationList = 2522EF2F2A645B8A005C62CA /* Build configuration list for PBXProject "todo2" */;
			compatibilityVersion = "Xcode 14.0";
			developmentRegion = en;
			hasScannedForEncodings = 0;
			knownRegions = (
				en,
				Base,
			);
			mainGroup = 2522EF2B2A645B8A005C62CA;
			packageReferences = (
				2522EF662A64E115005C62CA /* XCRemoteSwiftPackageReference "firebase-ios-sdk" */,
			);
			productRefGroup = 2522EF352A645B8A005C62CA /* Products */;
			projectDirPath = "";
			projectRoot = "";
			targets = (
				2522EF332A645B8A005C62CA /* todo2 */,
				2522EF442A645B8C005C62CA /* todo2Tests */,
				2522EF4E2A645B8C005C62CA /* todo2UITests */,
			);
		};
/* End PBXProject section */

/* Begin PBXResourcesBuildPhase section */
		2522EF322A645B8A005C62CA /* Resources */ = {
			isa = PBXResourcesBuildPhase;
			buildActionMask = 2147483647;
			files = (
				2522EF402A645B8B005C62CA /* Preview Assets.xcassets in Resources */,
				2522EF6E2A64E1CC005C62CA /* GoogleService-Info (1).plist in Resources */,
				2522EF3C2A645B8B005C62CA /* Assets.xcassets in Resources */,
			);
			runOnlyForDeploymentPostprocessing = 0;
		};
		2522EF432A645B8C005C62CA /* Resources */ = {
			isa = PBXResourcesBuildPhase;
			buildActionMask = 2147483647;
			files = (
			);
			runOnlyForDeploymentPostprocessing = 0;
		};
		2522EF4D2A645B8C005C62CA /* Resources */ = {
			isa = PBXResourcesBuildPhase;
			buildActionMask = 2147483647;
			files = (
			);
			runOnlyForDeploymentPostprocessing = 0;
		};
/* End PBXResourcesBuildPhase section */

/* Begin PBXSourcesBuildPhase section */
		2522EF302A645B8A005C62CA /* Sources */ = {
			isa = PBXSourcesBuildPhase;
			buildActionMask = 2147483647;
			files = (
				2522EF632A645E82005C62CA /* 👮‍♂️LoginView.swift in Sources */,
				2522EF652A646172005C62CA /* 📝RegisterView.swift in Sources */,
				2522EF3A2A645B8A005C62CA /* 🏎️💨💨StartHereView.swift in Sources */,
				2522EF382A645B8A005C62CA /* todo2App.swift in Sources */,
			);
			runOnlyForDeploymentPostprocessing = 0;
		};
		2522EF412A645B8C005C62CA /* Sources */ = {
			isa = PBXSourcesBuildPhase;
			buildActionMask = 2147483647;
			files = (
				2522EF4A2A645B8C005C62CA /* todo2Tests.swift in Sources */,
			);
			runOnlyForDeploymentPostprocessing = 0;
		};
		2522EF4B2A645B8C005C62CA /* Sources */ = {
			isa = PBXSourcesBuildPhase;
			buildActionMask = 2147483647;
			files = (
				2522EF542A645B8C005C62CA /* todo2UITests.swift in Sources */,
				2522EF562A645B8C005C62CA /* todo2UITestsLaunchTests.swift in Sources */,
			);
			runOnlyForDeploymentPostprocessing = 0;
		};
/* End PBXSourcesBuildPhase section */

/* Begin PBXTargetDependency section */
		2522EF472A645B8C005C62CA /* PBXTargetDependency */ = {
			isa = PBXTargetDependency;
			target = 2522EF332A645B8A005C62CA /* todo2 */;
			targetProxy = 2522EF462A645B8C005C62CA /* PBXContainerItemProxy */;
		};
		2522EF512A645B8C005C62CA /* PBXTargetDependency */ = {
			isa = PBXTargetDependency;
			target = 2522EF332A645B8A005C62CA /* todo2 */;
			targetProxy = 2522EF502A645B8C005C62CA /* PBXContainerItemProxy */;
		};
/* End PBXTargetDependency section */

/* Begin XCBuildConfiguration section */
		2522EF572A645B8C005C62CA /* Debug */ = {
			isa = XCBuildConfiguration;
			buildSettings = {
				ALWAYS_SEARCH_USER_PATHS = NO;
				CLANG_ANALYZER_NONNULL = YES;
				CLANG_ANALYZER_NUMBER_OBJECT_CONVERSION = YES_AGGRESSIVE;
				CLANG_CXX_LANGUAGE_STANDARD = "gnu++20";
				CLANG_ENABLE_MODULES = YES;
				CLANG_ENABLE_OBJC_ARC = YES;
				CLANG_ENABLE_OBJC_WEAK = YES;
				CLANG_WARN_BLOCK_CAPTURE_AUTORELEASING = YES;
				CLANG_WARN_BOOL_CONVERSION = YES;
				CLANG_WARN_COMMA = YES;
				CLANG_WARN_CONSTANT_CONVERSION = YES;
				CLANG_WARN_DEPRECATED_OBJC_IMPLEMENTATIONS = YES;
				CLANG_WARN_DIRECT_OBJC_ISA_USAGE = YES_ERROR;
				CLANG_WARN_DOCUMENTATION_COMMENTS = YES;
				CLANG_WARN_EMPTY_BODY = YES;
				CLANG_WARN_ENUM_CONVERSION = YES;
				CLANG_WARN_INFINITE_RECURSION = YES;
				CLANG_WARN_INT_CONVERSION = YES;
				CLANG_WARN_NON_LITERAL_NULL_CONVERSION = YES;
				CLANG_WARN_OBJC_IMPLICIT_RETAIN_SELF = YES;
				CLANG_WARN_OBJC_LITERAL_CONVERSION = YES;
				CLANG_WARN_OBJC_ROOT_CLASS = YES_ERROR;
				CLANG_WARN_QUOTED_INCLUDE_IN_FRAMEWORK_HEADER = YES;
				CLANG_WARN_RANGE_LOOP_ANALYSIS = YES;
				CLANG_WARN_STRICT_PROTOTYPES = YES;
				CLANG_WARN_SUSPICIOUS_MOVE = YES;
				CLANG_WARN_UNGUARDED_AVAILABILITY = YES_AGGRESSIVE;
				CLANG_WARN_UNREACHABLE_CODE = YES;
				CLANG_WARN__DUPLICATE_METHOD_MATCH = YES;
				COPY_PHASE_STRIP = NO;
				DEBUG_INFORMATION_FORMAT = dwarf;
				ENABLE_STRICT_OBJC_MSGSEND = YES;
				ENABLE_TESTABILITY = YES;
				GCC_C_LANGUAGE_STANDARD = gnu11;
				GCC_DYNAMIC_NO_PIC = NO;
				GCC_NO_COMMON_BLOCKS = YES;
				GCC_OPTIMIZATION_LEVEL = 0;
				GCC_PREPROCESSOR_DEFINITIONS = (
					"DEBUG=1",
					"$(inherited)",
				);
				GCC_WARN_64_TO_32_BIT_CONVERSION = YES;
				GCC_WARN_ABOUT_RETURN_TYPE = YES_ERROR;
				GCC_WARN_UNDECLARED_SELECTOR = YES;
				GCC_WARN_UNINITIALIZED_AUTOS = YES_AGGRESSIVE;
				GCC_WARN_UNUSED_FUNCTION = YES;
				GCC_WARN_UNUSED_VARIABLE = YES;
				MTL_ENABLE_DEBUG_INFO = INCLUDE_SOURCE;
				MTL_FAST_MATH = YES;
				ONLY_ACTIVE_ARCH = YES;
				SWIFT_ACTIVE_COMPILATION_CONDITIONS = DEBUG;
				SWIFT_OPTIMIZATION_LEVEL = "-Onone";
			};
			name = Debug;
		};
		2522EF582A645B8C005C62CA /* Release */ = {
			isa = XCBuildConfiguration;
			buildSettings = {
				ALWAYS_SEARCH_USER_PATHS = NO;
				CLANG_ANALYZER_NONNULL = YES;
				CLANG_ANALYZER_NUMBER_OBJECT_CONVERSION = YES_AGGRESSIVE;
				CLANG_CXX_LANGUAGE_STANDARD = "gnu++20";
				CLANG_ENABLE_MODULES = YES;
				CLANG_ENABLE_OBJC_ARC = YES;
				CLANG_ENABLE_OBJC_WEAK = YES;
				CLANG_WARN_BLOCK_CAPTURE_AUTORELEASING = YES;
				CLANG_WARN_BOOL_CONVERSION = YES;
				CLANG_WARN_COMMA = YES;
				CLANG_WARN_CONSTANT_CONVERSION = YES;
				CLANG_WARN_DEPRECATED_OBJC_IMPLEMENTATIONS = YES;
				CLANG_WARN_DIRECT_OBJC_ISA_USAGE = YES_ERROR;
				CLANG_WARN_DOCUMENTATION_COMMENTS = YES;
				CLANG_WARN_EMPTY_BODY = YES;
				CLANG_WARN_ENUM_CONVERSION = YES;
				CLANG_WARN_INFINITE_RECURSION = YES;
				CLANG_WARN_INT_CONVERSION = YES;
				CLANG_WARN_NON_LITERAL_NULL_CONVERSION = YES;
				CLANG_WARN_OBJC_IMPLICIT_RETAIN_SELF = YES;
				CLANG_WARN_OBJC_LITERAL_CONVERSION = YES;
				CLANG_WARN_OBJC_ROOT_CLASS = YES_ERROR;
				CLANG_WARN_QUOTED_INCLUDE_IN_FRAMEWORK_HEADER = YES;
				CLANG_WARN_RANGE_LOOP_ANALYSIS = YES;
				CLANG_WARN_STRICT_PROTOTYPES = YES;
				CLANG_WARN_SUSPICIOUS_MOVE = YES;
				CLANG_WARN_UNGUARDED_AVAILABILITY = YES_AGGRESSIVE;
				CLANG_WARN_UNREACHABLE_CODE = YES;
				CLANG_WARN__DUPLICATE_METHOD_MATCH = YES;
				COPY_PHASE_STRIP = NO;
				DEBUG_INFORMATION_FORMAT = "dwarf-with-dsym";
				ENABLE_NS_ASSERTIONS = NO;
				ENABLE_STRICT_OBJC_MSGSEND = YES;
				GCC_C_LANGUAGE_STANDARD = gnu11;
				GCC_NO_COMMON_BLOCKS = YES;
				GCC_WARN_64_TO_32_BIT_CONVERSION = YES;
				GCC_WARN_ABOUT_RETURN_TYPE = YES_ERROR;
				GCC_WARN_UNDECLARED_SELECTOR = YES;
				GCC_WARN_UNINITIALIZED_AUTOS = YES_AGGRESSIVE;
				GCC_WARN_UNUSED_FUNCTION = YES;
				GCC_WARN_UNUSED_VARIABLE = YES;
				MTL_ENABLE_DEBUG_INFO = NO;
				MTL_FAST_MATH = YES;
				SWIFT_COMPILATION_MODE = wholemodule;
				SWIFT_OPTIMIZATION_LEVEL = "-O";
			};
			name = Release;
		};
		2522EF5A2A645B8C005C62CA /* Debug */ = {
			isa = XCBuildConfiguration;
			buildSettings = {
				ASSETCATALOG_COMPILER_APPICON_NAME = AppIcon;
				ASSETCATALOG_COMPILER_GLOBAL_ACCENT_COLOR_NAME = AccentColor;
				CODE_SIGN_ENTITLEMENTS = todo2/todo2.entitlements;
				CODE_SIGN_STYLE = Automatic;
				CURRENT_PROJECT_VERSION = 1;
				DEVELOPMENT_ASSET_PATHS = "\"todo2/Preview Content\"";
				ENABLE_PREVIEWS = YES;
				GENERATE_INFOPLIST_FILE = YES;
				"INFOPLIST_KEY_UIApplicationSceneManifest_Generation[sdk=iphoneos*]" = YES;
				"INFOPLIST_KEY_UIApplicationSceneManifest_Generation[sdk=iphonesimulator*]" = YES;
				"INFOPLIST_KEY_UIApplicationSupportsIndirectInputEvents[sdk=iphoneos*]" = YES;
				"INFOPLIST_KEY_UIApplicationSupportsIndirectInputEvents[sdk=iphonesimulator*]" = YES;
				"INFOPLIST_KEY_UILaunchScreen_Generation[sdk=iphoneos*]" = YES;
				"INFOPLIST_KEY_UILaunchScreen_Generation[sdk=iphonesimulator*]" = YES;
				"INFOPLIST_KEY_UIStatusBarStyle[sdk=iphoneos*]" = UIStatusBarStyleDefault;
				"INFOPLIST_KEY_UIStatusBarStyle[sdk=iphonesimulator*]" = UIStatusBarStyleDefault;
				INFOPLIST_KEY_UISupportedInterfaceOrientations_iPad = "UIInterfaceOrientationPortrait UIInterfaceOrientationPortraitUpsideDown UIInterfaceOrientationLandscapeLeft UIInterfaceOrientationLandscapeRight";
				INFOPLIST_KEY_UISupportedInterfaceOrientations_iPhone = "UIInterfaceOrientationPortrait UIInterfaceOrientationLandscapeLeft UIInterfaceOrientationLandscapeRight";
				IPHONEOS_DEPLOYMENT_TARGET = 16.4;
				LD_RUNPATH_SEARCH_PATHS = "@executable_path/Frameworks";
				"LD_RUNPATH_SEARCH_PATHS[sdk=macosx*]" = "@executable_path/../Frameworks";
				MACOSX_DEPLOYMENT_TARGET = 13.3;
				MARKETING_VERSION = 1.0;
				PRODUCT_BUNDLE_IDENTIFIER = test.todo2;
				PRODUCT_NAME = "$(TARGET_NAME)";
				SDKROOT = auto;
				SUPPORTED_PLATFORMS = "iphoneos iphonesimulator macosx";
				SWIFT_EMIT_LOC_STRINGS = YES;
				SWIFT_VERSION = 5.0;
				TARGETED_DEVICE_FAMILY = "1,2";
			};
			name = Debug;
		};
		2522EF5B2A645B8C005C62CA /* Release */ = {
			isa = XCBuildConfiguration;
			buildSettings = {
				ASSETCATALOG_COMPILER_APPICON_NAME = AppIcon;
				ASSETCATALOG_COMPILER_GLOBAL_ACCENT_COLOR_NAME = AccentColor;
				CODE_SIGN_ENTITLEMENTS = todo2/todo2.entitlements;
				CODE_SIGN_STYLE = Automatic;
				CURRENT_PROJECT_VERSION = 1;
				DEVELOPMENT_ASSET_PATHS = "\"todo2/Preview Content\"";
				ENABLE_PREVIEWS = YES;
				GENERATE_INFOPLIST_FILE = YES;
				"INFOPLIST_KEY_UIApplicationSceneManifest_Generation[sdk=iphoneos*]" = YES;
				"INFOPLIST_KEY_UIApplicationSceneManifest_Generation[sdk=iphonesimulator*]" = YES;
				"INFOPLIST_KEY_UIApplicationSupportsIndirectInputEvents[sdk=iphoneos*]" = YES;
				"INFOPLIST_KEY_UIApplicationSupportsIndirectInputEvents[sdk=iphonesimulator*]" = YES;
				"INFOPLIST_KEY_UILaunchScreen_Generation[sdk=iphoneos*]" = YES;
				"INFOPLIST_KEY_UILaunchScreen_Generation[sdk=iphonesimulator*]" = YES;
				"INFOPLIST_KEY_UIStatusBarStyle[sdk=iphoneos*]" = UIStatusBarStyleDefault;
				"INFOPLIST_KEY_UIStatusBarStyle[sdk=iphonesimulator*]" = UIStatusBarStyleDefault;
				INFOPLIST_KEY_UISupportedInterfaceOrientations_iPad = "UIInterfaceOrientationPortrait UIInterfaceOrientationPortraitUpsideDown UIInterfaceOrientationLandscapeLeft UIInterfaceOrientationLandscapeRight";
				INFOPLIST_KEY_UISupportedInterfaceOrientations_iPhone = "UIInterfaceOrientationPortrait UIInterfaceOrientationLandscapeLeft UIInterfaceOrientationLandscapeRight";
				IPHONEOS_DEPLOYMENT_TARGET = 16.4;
				LD_RUNPATH_SEARCH_PATHS = "@executable_path/Frameworks";
				"LD_RUNPATH_SEARCH_PATHS[sdk=macosx*]" = "@executable_path/../Frameworks";
				MACOSX_DEPLOYMENT_TARGET = 13.3;
				MARKETING_VERSION = 1.0;
				PRODUCT_BUNDLE_IDENTIFIER = test.todo2;
				PRODUCT_NAME = "$(TARGET_NAME)";
				SDKROOT = auto;
				SUPPORTED_PLATFORMS = "iphoneos iphonesimulator macosx";
				SWIFT_EMIT_LOC_STRINGS = YES;
				SWIFT_VERSION = 5.0;
				TARGETED_DEVICE_FAMILY = "1,2";
			};
			name = Release;
		};
		2522EF5D2A645B8C005C62CA /* Debug */ = {
			isa = XCBuildConfiguration;
			buildSettings = {
				ALWAYS_EMBED_SWIFT_STANDARD_LIBRARIES = YES;
				BUNDLE_LOADER = "$(TEST_HOST)";
				CODE_SIGN_STYLE = Automatic;
				CURRENT_PROJECT_VERSION = 1;
				GENERATE_INFOPLIST_FILE = YES;
				IPHONEOS_DEPLOYMENT_TARGET = 16.4;
				MACOSX_DEPLOYMENT_TARGET = 13.3;
				MARKETING_VERSION = 1.0;
				PRODUCT_BUNDLE_IDENTIFIER = test.todo2Tests;
				PRODUCT_NAME = "$(TARGET_NAME)";
				SDKROOT = auto;
				SUPPORTED_PLATFORMS = "iphoneos iphonesimulator macosx";
				SWIFT_EMIT_LOC_STRINGS = NO;
				SWIFT_VERSION = 5.0;
				TARGETED_DEVICE_FAMILY = "1,2";
				TEST_HOST = "$(BUILT_PRODUCTS_DIR)/todo2.app/$(BUNDLE_EXECUTABLE_FOLDER_PATH)/todo2";
			};
			name = Debug;
		};
		2522EF5E2A645B8C005C62CA /* Release */ = {
			isa = XCBuildConfiguration;
			buildSettings = {
				ALWAYS_EMBED_SWIFT_STANDARD_LIBRARIES = YES;
				BUNDLE_LOADER = "$(TEST_HOST)";
				CODE_SIGN_STYLE = Automatic;
				CURRENT_PROJECT_VERSION = 1;
				GENERATE_INFOPLIST_FILE = YES;
				IPHONEOS_DEPLOYMENT_TARGET = 16.4;
				MACOSX_DEPLOYMENT_TARGET = 13.3;
				MARKETING_VERSION = 1.0;
				PRODUCT_BUNDLE_IDENTIFIER = test.todo2Tests;
				PRODUCT_NAME = "$(TARGET_NAME)";
				SDKROOT = auto;
				SUPPORTED_PLATFORMS = "iphoneos iphonesimulator macosx";
				SWIFT_EMIT_LOC_STRINGS = NO;
				SWIFT_VERSION = 5.0;
				TARGETED_DEVICE_FAMILY = "1,2";
				TEST_HOST = "$(BUILT_PRODUCTS_DIR)/todo2.app/$(BUNDLE_EXECUTABLE_FOLDER_PATH)/todo2";
			};
			name = Release;
		};
		2522EF602A645B8C005C62CA /* Debug */ = {
			isa = XCBuildConfiguration;
			buildSettings = {
				ALWAYS_EMBED_SWIFT_STANDARD_LIBRARIES = YES;
				CODE_SIGN_STYLE = Automatic;
				CURRENT_PROJECT_VERSION = 1;
				GENERATE_INFOPLIST_FILE = YES;
				IPHONEOS_DEPLOYMENT_TARGET = 16.4;
				MACOSX_DEPLOYMENT_TARGET = 13.3;
				MARKETING_VERSION = 1.0;
				PRODUCT_BUNDLE_IDENTIFIER = test.todo2UITests;
				PRODUCT_NAME = "$(TARGET_NAME)";
				SDKROOT = auto;
				SUPPORTED_PLATFORMS = "iphoneos iphonesimulator macosx";
				SWIFT_EMIT_LOC_STRINGS = NO;
				SWIFT_VERSION = 5.0;
				TARGETED_DEVICE_FAMILY = "1,2";
				TEST_TARGET_NAME = todo2;
			};
			name = Debug;
		};
		2522EF612A645B8C005C62CA /* Release */ = {
			isa = XCBuildConfiguration;
			buildSettings = {
				ALWAYS_EMBED_SWIFT_STANDARD_LIBRARIES = YES;
				CODE_SIGN_STYLE = Automatic;
				CURRENT_PROJECT_VERSION = 1;
				GENERATE_INFOPLIST_FILE = YES;
				IPHONEOS_DEPLOYMENT_TARGET = 16.4;
				MACOSX_DEPLOYMENT_TARGET = 13.3;
				MARKETING_VERSION = 1.0;
				PRODUCT_BUNDLE_IDENTIFIER = test.todo2UITests;
				PRODUCT_NAME = "$(TARGET_NAME)";
				SDKROOT = auto;
				SUPPORTED_PLATFORMS = "iphoneos iphonesimulator macosx";
				SWIFT_EMIT_LOC_STRINGS = NO;
				SWIFT_VERSION = 5.0;
				TARGETED_DEVICE_FAMILY = "1,2";
				TEST_TARGET_NAME = todo2;
			};
			name = Release;
		};
/* End XCBuildConfiguration section */

/* Begin XCConfigurationList section */
		2522EF2F2A645B8A005C62CA /* Build configuration list for PBXProject "todo2" */ = {
			isa = XCConfigurationList;
			buildConfigurations = (
				2522EF572A645B8C005C62CA /* Debug */,
				2522EF582A645B8C005C62CA /* Release */,
			);
			defaultConfigurationIsVisible = 0;
			defaultConfigurationName = Release;
		};
		2522EF592A645B8C005C62CA /* Build configuration list for PBXNativeTarget "todo2" */ = {
			isa = XCConfigurationList;
			buildConfigurations = (
				2522EF5A2A645B8C005C62CA /* Debug */,
				2522EF5B2A645B8C005C62CA /* Release */,
			);
			defaultConfigurationIsVisible = 0;
			defaultConfigurationName = Release;
		};
		2522EF5C2A645B8C005C62CA /* Build configuration list for PBXNativeTarget "todo2Tests" */ = {
			isa = XCConfigurationList;
			buildConfigurations = (
				2522EF5D2A645B8C005C62CA /* Debug */,
				2522EF5E2A645B8C005C62CA /* Release */,
			);
			defaultConfigurationIsVisible = 0;
			defaultConfigurationName = Release;
		};
		2522EF5F2A645B8C005C62CA /* Build configuration list for PBXNativeTarget "todo2UITests" */ = {
			isa = XCConfigurationList;
			buildConfigurations = (
				2522EF602A645B8C005C62CA /* Debug */,
				2522EF612A645B8C005C62CA /* Release */,
			);
			defaultConfigurationIsVisible = 0;
			defaultConfigurationName = Release;
		};
/* End XCConfigurationList section */

/* Begin XCRemoteSwiftPackageReference section */
		2522EF662A64E115005C62CA /* XCRemoteSwiftPackageReference "firebase-ios-sdk" */ = {
			isa = XCRemoteSwiftPackageReference;
			repositoryURL = "https://github.com/firebase/firebase-ios-sdk";
			requirement = {
				kind = upToNextMajorVersion;
				minimumVersion = 10.0.0;
			};
		};
/* End XCRemoteSwiftPackageReference section */

/* Begin XCSwiftPackageProductDependency section */
		2522EF672A64E115005C62CA /* FirebaseAuth */ = {
			isa = XCSwiftPackageProductDependency;
			package = 2522EF662A64E115005C62CA /* XCRemoteSwiftPackageReference "firebase-ios-sdk" */;
			productName = FirebaseAuth;
		};
		2522EF692A64E115005C62CA /* FirebaseFirestore */ = {
			isa = XCSwiftPackageProductDependency;
			package = 2522EF662A64E115005C62CA /* XCRemoteSwiftPackageReference "firebase-ios-sdk" */;
			productName = FirebaseFirestore;
		};
		2522EF6B2A64E115005C62CA /* FirebaseFirestoreSwift */ = {
			isa = XCSwiftPackageProductDependency;
			package = 2522EF662A64E115005C62CA /* XCRemoteSwiftPackageReference "firebase-ios-sdk" */;
			productName = FirebaseFirestoreSwift;
		};
/* End XCSwiftPackageProductDependency section */
	};
	rootObject = 2522EF2C2A645B8A005C62CA /* Project object */;
}
